{
  "name": "scraper",
  "version": "1.0.0",
  "lockfileVersion": 2,
  "requires": true,
  "packages": {
    "": {
      "name": "scraper",
      "version": "1.0.0",
      "license": "ISC",
      "dependencies": {
        "dotenv": "^16.3.1",
        "gsap": "npm:@gsap/shockingly@^3.11.4",
        "luxon": "^3.3.0",
        "node-fetch": "^2.5.0",
        "showdown": "^2.1.0"
      },
      "devDependencies": {
        "encoding": "^0.1.13"
      }
    },
    "node_modules/commander": {
      "version": "9.5.0",
      "resolved": "https://registry.npmjs.org/commander/-/commander-9.5.0.tgz",
      "integrity": "sha512-KRs7WVDKg86PWiuAqhDrAQnTXZKraVcCc6vFdL14qrZ/DcWwuRo7VoiYXalXO7S5GKpqYiVEwCbgFDfxNHKJBQ==",
      "engines": {
        "node": "^12.20.0 || >=14"
      }
    },
    "node_modules/dotenv": {
      "version": "16.3.1",
      "resolved": "https://registry.npmjs.org/dotenv/-/dotenv-16.3.1.tgz",
      "integrity": "sha512-IPzF4w4/Rd94bA9imS68tZBaYyBWSCE47V1RGuMrB94iyTOIEwRmVL2x/4An+6mETpLrKJ5hQkB8W4kFAadeIQ==",
      "engines": {
        "node": ">=12"
      },
      "funding": {
        "url": "https://github.com/motdotla/dotenv?sponsor=1"
      }
    },
    "node_modules/encoding": {
      "version": "0.1.13",
      "resolved": "https://registry.npmjs.org/encoding/-/encoding-0.1.13.tgz",
      "integrity": "sha512-ETBauow1T35Y/WZMkio9jiM0Z5xjHHmJ4XmjZOq1l/dXz3lr2sRn87nJy20RupqSh1F2m3HHPSp8ShIPQJrJ3A==",
      "dev": true,
      "dependencies": {
        "iconv-lite": "^0.6.2"
      }
    },
    "node_modules/gsap": {
      "name": "@gsap/shockingly",
      "version": "3.12.2",
      "resolved": "https://npm.greensock.com/@gsap%2fshockingly/-/shockingly-3.12.2.tgz",
      "integrity": "sha512-kYmkwAQ53GzBxs+e8pu/BCzUMrfJoBSEE1JI5HB6wUGDt9yuR/XTwSNfRCBzbuzy/zR9HgqubZnU59LhOiOzwA==",
      "license": "This package should only be used by individuals/companies with an active Club GreenSock membership (Shockingly Green or higher). See https://greensock.com/club/. Licensing: https://greensock.com/licensing/"
    },
    "node_modules/iconv-lite": {
      "version": "0.6.3",
      "resolved": "https://registry.npmjs.org/iconv-lite/-/iconv-lite-0.6.3.tgz",
      "integrity": "sha512-4fCk79wshMdzMp2rH06qWrJE4iolqLhCUH+OiuIgU++RB0+94NlDL81atO7GX55uUKueo0txHNtvEyI6D7WdMw==",
      "dev": true,
      "dependencies": {
        "safer-buffer": ">= 2.1.2 < 3.0.0"
      },
      "engines": {
        "node": ">=0.10.0"
      }
    },
    "node_modules/luxon": {
      "version": "3.3.0",
      "resolved": "https://registry.npmjs.org/luxon/-/luxon-3.3.0.tgz",
      "integrity": "sha512-An0UCfG/rSiqtAIiBPO0Y9/zAnHUZxAMiCpTd5h2smgsj7GGmcenvrvww2cqNA8/4A5ZrD1gJpHN2mIHZQF+Mg==",
      "engines": {
        "node": ">=12"
      }
    },
    "node_modules/node-fetch": {
      "version": "2.5.0",
      "resolved": "https://registry.npmjs.org/node-fetch/-/node-fetch-2.5.0.tgz",
      "integrity": "sha512-YuZKluhWGJwCcUu4RlZstdAxr8bFfOVHakc1mplwHkk8J+tqM1Y5yraYvIUpeX8aY7+crCwiELJq7Vl0o0LWXw==",
      "engines": {
        "node": "4.x || >=6.0.0"
      }
    },
    "node_modules/safer-buffer": {
      "version": "2.1.2",
      "resolved": "https://registry.npmjs.org/safer-buffer/-/safer-buffer-2.1.2.tgz",
      "integrity": "sha512-YZo3K82SD7Riyi0E1EQPojLz7kpepnSQI9IyPbHHg1XXXevb5dJI7tpyN2ADxGcQbHG7vcyRHk0cbwqcQriUtg==",
      "dev": true
    },
    "node_modules/showdown": {
      "version": "2.1.0",
      "resolved": "https://registry.npmjs.org/showdown/-/showdown-2.1.0.tgz",
      "integrity": "sha512-/6NVYu4U819R2pUIk79n67SYgJHWCce0a5xTP979WbNp0FL9MN1I1QK662IDU1b6JzKTvmhgI7T7JYIxBi3kMQ==",
      "dependencies": {
        "commander": "^9.0.0"
      },
      "bin": {
        "showdown": "bin/showdown.js"
      },
      "funding": {
        "type": "individual",
        "url": "https://www.paypal.me/tiviesantos"
      }
    }
  },
  "dependencies": {
    "commander": {
      "version": "9.5.0",
      "resolved": "https://registry.npmjs.org/commander/-/commander-9.5.0.tgz",
      "integrity": "sha512-KRs7WVDKg86PWiuAqhDrAQnTXZKraVcCc6vFdL14qrZ/DcWwuRo7VoiYXalXO7S5GKpqYiVEwCbgFDfxNHKJBQ=="
    },
    "dotenv": {
      "version": "16.3.1",
      "resolved": "https://registry.npmjs.org/dotenv/-/dotenv-16.3.1.tgz",
      "integrity": "sha512-IPzF4w4/Rd94bA9imS68tZBaYyBWSCE47V1RGuMrB94iyTOIEwRmVL2x/4An+6mETpLrKJ5hQkB8W4kFAadeIQ=="
    },
    "encoding": {
      "version": "0.1.13",
      "resolved": "https://registry.npmjs.org/encoding/-/encoding-0.1.13.tgz",
      "integrity": "sha512-ETBauow1T35Y/WZMkio9jiM0Z5xjHHmJ4XmjZOq1l/dXz3lr2sRn87nJy20RupqSh1F2m3HHPSp8ShIPQJrJ3A==",
      "dev": true,
      "requires": {
        "iconv-lite": "^0.6.2"
      }
    },
    "gsap": {
      "version": "npm:@gsap/shockingly@3.12.2",
      "resolved": "https://npm.greensock.com/@gsap%2fshockingly/-/shockingly-3.12.2.tgz",
      "integrity": "sha512-kYmkwAQ53GzBxs+e8pu/BCzUMrfJoBSEE1JI5HB6wUGDt9yuR/XTwSNfRCBzbuzy/zR9HgqubZnU59LhOiOzwA=="
    },
    "iconv-lite": {
      "version": "0.6.3",
      "resolved": "https://registry.npmjs.org/iconv-lite/-/iconv-lite-0.6.3.tgz",
      "integrity": "sha512-4fCk79wshMdzMp2rH06qWrJE4iolqLhCUH+OiuIgU++RB0+94NlDL81atO7GX55uUKueo0txHNtvEyI6D7WdMw==",
      "dev": true,
      "requires": {
        "safer-buffer": ">= 2.1.2 < 3.0.0"
      }
    },
    "luxon": {
      "version": "3.3.0",
      "resolved": "https://registry.npmjs.org/luxon/-/luxon-3.3.0.tgz",
      "integrity": "sha512-An0UCfG/rSiqtAIiBPO0Y9/zAnHUZxAMiCpTd5h2smgsj7GGmcenvrvww2cqNA8/4A5ZrD1gJpHN2mIHZQF+Mg=="
    },
    "node-fetch": {
      "version": "2.5.0",
      "resolved": "https://registry.npmjs.org/node-fetch/-/node-fetch-2.5.0.tgz",
      "integrity": "sha512-YuZKluhWGJwCcUu4RlZstdAxr8bFfOVHakc1mplwHkk8J+tqM1Y5yraYvIUpeX8aY7+crCwiELJq7Vl0o0LWXw=="
    },
    "safer-buffer": {
      "version": "2.1.2",
      "resolved": "https://registry.npmjs.org/safer-buffer/-/safer-buffer-2.1.2.tgz",
      "integrity": "sha512-YZo3K82SD7Riyi0E1EQPojLz7kpepnSQI9IyPbHHg1XXXevb5dJI7tpyN2ADxGcQbHG7vcyRHk0cbwqcQriUtg==",
      "dev": true
    },
    "showdown": {
      "version": "2.1.0",
      "resolved": "https://registry.npmjs.org/showdown/-/showdown-2.1.0.tgz",
      "integrity": "sha512-/6NVYu4U819R2pUIk79n67SYgJHWCce0a5xTP979WbNp0FL9MN1I1QK662IDU1b6JzKTvmhgI7T7JYIxBi3kMQ==",
      "requires": {
        "commander": "^9.0.0"
      }
    }
  }
}
